
Microsoft Visual Studio Solution File, Format Version 12.00
# Visual Studio Version 16
VisualStudioVersion = 16.0.30611.23
MinimumVisualStudioVersion = 10.0.40219.1
Project("{FAE04EC0-301F-11D3-BF4B-00C04F79EFBC}") = "BusinessRulesEngine", "BusinessRulesEngine.csproj", "{02A5922A-BFC2-47AB-AD42-31A4F05B6868}"
EndProject
Project("{FAE04EC0-301F-11D3-BF4B-00C04F79EFBC}") = "BusinessRulesEngine.Tests", "..\BusinessRulesEngine.Tests\BusinessRulesEngine.Tests.csproj", "{2CDB1E63-4884-4374-8E02-D7A84C6A07ED}"
EndProject
Project("{FAE04EC0-301F-11D3-BF4B-00C04F79EFBC}") = "BusinessRulesEngine.Contracts", "..\BusinessRulesEngine.Contracts\BusinessRulesEngine.Contracts.csproj", "{4C78EF0E-CBA2-42C5-B9B7-D679CFA2D200}"
EndProject
Project("{FAE04EC0-301F-11D3-BF4B-00C04F79EFBC}") = "BusinessRulesEngine.Services", "..\BusinessRulesEngine.Services\BusinessRulesEngine.Services.csproj", "{58367EC6-A5E3-4287-A897-3B1A18B4F241}"
EndProject
Project("{FAE04EC0-301F-11D3-BF4B-00C04F79EFBC}") = "BusinessRulesEngine.Repo", "..\BusinessRulesEngine.Repo\BusinessRulesEngine.Repo.csproj", "{D20FCFCC-9D79-4C15-8B38-822C04226E16}"
EndProject
Project("{FAE04EC0-301F-11D3-BF4B-00C04F79EFBC}") = "BusinessRulesEngine.DTO", "..\BusinessRulesEngine.DTO\BusinessRulesEngine.DTO.csproj", "{35108E89-A6F2-4673-9692-FF9B3FC15FED}"
EndProject
Project("{FAE04EC0-301F-11D3-BF4B-00C04F79EFBC}") = "BusinessRulesEngine.DB", "..\BusinessRulesEngine.DB\BusinessRulesEngine.DB.csproj", "{DDF1E89F-B060-4959-A9CF-23E0790E1AFC}"
EndProject
Global
	GlobalSection(SolutionConfigurationPlatforms) = preSolution
		Debug|Any CPU = Debug|Any CPU
		Release|Any CPU = Release|Any CPU
	EndGlobalSection
	GlobalSection(ProjectConfigurationPlatforms) = postSolution
		{02A5922A-BFC2-47AB-AD42-31A4F05B6868}.Debug|Any CPU.ActiveCfg = Debug|Any CPU
		{02A5922A-BFC2-47AB-AD42-31A4F05B6868}.Debug|Any CPU.Build.0 = Debug|Any CPU
		{02A5922A-BFC2-47AB-AD42-31A4F05B6868}.Release|Any CPU.ActiveCfg = Release|Any CPU
		{02A5922A-BFC2-47AB-AD42-31A4F05B6868}.Release|Any CPU.Build.0 = Release|Any CPU
		{2CDB1E63-4884-4374-8E02-D7A84C6A07ED}.Debug|Any CPU.ActiveCfg = Debug|Any CPU
		{2CDB1E63-4884-4374-8E02-D7A84C6A07ED}.Debug|Any CPU.Build.0 = Debug|Any CPU
		{2CDB1E63-4884-4374-8E02-D7A84C6A07ED}.Release|Any CPU.ActiveCfg = Release|Any CPU
		{2CDB1E63-4884-4374-8E02-D7A84C6A07ED}.Release|Any CPU.Build.0 = Release|Any CPU
		{4C78EF0E-CBA2-42C5-B9B7-D679CFA2D200}.Debug|Any CPU.ActiveCfg = Debug|Any CPU
		{4C78EF0E-CBA2-42C5-B9B7-D679CFA2D200}.Debug|Any CPU.Build.0 = Debug|Any CPU
		{4C78EF0E-CBA2-42C5-B9B7-D679CFA2D200}.Release|Any CPU.ActiveCfg = Release|Any CPU
		{4C78EF0E-CBA2-42C5-B9B7-D679CFA2D200}.Release|Any CPU.Build.0 = Release|Any CPU
		{58367EC6-A5E3-4287-A897-3B1A18B4F241}.Debug|Any CPU.ActiveCfg = Debug|Any CPU
		{58367EC6-A5E3-4287-A897-3B1A18B4F241}.Debug|Any CPU.Build.0 = Debug|Any CPU
		{58367EC6-A5E3-4287-A897-3B1A18B4F241}.Release|Any CPU.ActiveCfg = Release|Any CPU
		{58367EC6-A5E3-4287-A897-3B1A18B4F241}.Release|Any CPU.Build.0 = Release|Any CPU
		{D20FCFCC-9D79-4C15-8B38-822C04226E16}.Debug|Any CPU.ActiveCfg = Debug|Any CPU
		{D20FCFCC-9D79-4C15-8B38-822C04226E16}.Debug|Any CPU.Build.0 = Debug|Any CPU
		{D20FCFCC-9D79-4C15-8B38-822C04226E16}.Release|Any CPU.ActiveCfg = Release|Any CPU
		{D20FCFCC-9D79-4C15-8B38-822C04226E16}.Release|Any CPU.Build.0 = Release|Any CPU
		{35108E89-A6F2-4673-9692-FF9B3FC15FED}.Debug|Any CPU.ActiveCfg = Debug|Any CPU
		{35108E89-A6F2-4673-9692-FF9B3FC15FED}.Debug|Any CPU.Build.0 = Debug|Any CPU
		{35108E89-A6F2-4673-9692-FF9B3FC15FED}.Release|Any CPU.ActiveCfg = Release|Any CPU
		{35108E89-A6F2-4673-9692-FF9B3FC15FED}.Release|Any CPU.Build.0 = Release|Any CPU
		{DDF1E89F-B060-4959-A9CF-23E0790E1AFC}.Debug|Any CPU.ActiveCfg = Debug|Any CPU
		{DDF1E89F-B060-4959-A9CF-23E0790E1AFC}.Debug|Any CPU.Build.0 = Debug|Any CPU
		{DDF1E89F-B060-4959-A9CF-23E0790E1AFC}.Release|Any CPU.ActiveCfg = Release|Any CPU
		{DDF1E89F-B060-4959-A9CF-23E0790E1AFC}.Release|Any CPU.Build.0 = Release|Any CPU
	EndGlobalSection
	GlobalSection(SolutionProperties) = preSolution
		HideSolutionNode = FALSE
	EndGlobalSection
	GlobalSection(ExtensibilityGlobals) = postSolution
		SolutionGuid = {92C6244E-D5EF-42B5-BA20-22DD37A33DCE}
	EndGlobalSection
EndGlobal
